// !$*UTF8*$!
{
	archiveVersion = 1;
	classes = {
	};
	objectVersion = 46;
	objects = {

/* Begin PBXBuildFile section */
		EC5ABC5A1B2CAD2900396505 /* Main.storyboard in Resources */ = {isa = PBXBuildFile; fileRef = EC5ABC581B2CAD2900396505 /* Main.storyboard */; };
		EC5ABC5C1B2CAD2900396505 /* Images.xcassets in Resources */ = {isa = PBXBuildFile; fileRef = EC5ABC5B1B2CAD2900396505 /* Images.xcassets */; };
		EC5ABC5F1B2CAD2900396505 /* LaunchScreen.xib in Resources */ = {isa = PBXBuildFile; fileRef = EC5ABC5D1B2CAD2900396505 /* LaunchScreen.xib */; };
		EC5ABC6B1B2CAD2900396505 /* ThemeManagerTests.m in Sources */ = {isa = PBXBuildFile; fileRef = EC5ABC6A1B2CAD2900396505 /* ThemeManagerTests.m */; };
		EC5ABC8D1B2CAD8D00396505 /* DeallocBlockExecutor.m in Sources */ = {isa = PBXBuildFile; fileRef = EC5ABC761B2CAD8D00396505 /* DeallocBlockExecutor.m */; };
		EC5ABC8E1B2CAD8D00396505 /* NSObject+DeallocBlock.m in Sources */ = {isa = PBXBuildFile; fileRef = EC5ABC781B2CAD8D00396505 /* NSObject+DeallocBlock.m */; };
		EC5ABC8F1B2CAD8D00396505 /* AppDelegate.m in Sources */ = {isa = PBXBuildFile; fileRef = EC5ABC7B1B2CAD8D00396505 /* AppDelegate.m */; };
		EC5ABC901B2CAD8D00396505 /* main.m in Sources */ = {isa = PBXBuildFile; fileRef = EC5ABC7C1B2CAD8D00396505 /* main.m */; };
		EC5ABC911B2CAD8D00396505 /* ViewController.m in Sources */ = {isa = PBXBuildFile; fileRef = EC5ABC7E1B2CAD8D00396505 /* ViewController.m */; };
		EC5ABC921B2CAD8D00396505 /* SkinStyle.m in Sources */ = {isa = PBXBuildFile; fileRef = EC5ABC811B2CAD8D00396505 /* SkinStyle.m */; };
		EC5ABC961B2CAD8D00396505 /* ThemeManager.m in Sources */ = {isa = PBXBuildFile; fileRef = EC5ABC8A1B2CAD8D00396505 /* ThemeManager.m */; };
		EC5ABC971B2CAD8D00396505 /* UIView+Theme.m in Sources */ = {isa = PBXBuildFile; fileRef = EC5ABC8C1B2CAD8D00396505 /* UIView+Theme.m */; };
		EC5ABD571B2CAE8300396505 /* res in Resources */ = {isa = PBXBuildFile; fileRef = EC5ABD561B2CAE8300396505 /* res */; };
		EC5ABD5A1B2CB1E800396505 /* Script in Resources */ = {isa = PBXBuildFile; fileRef = EC5ABD591B2CB1E800396505 /* Script */; };
/* End PBXBuildFile section */

/* Begin PBXContainerItemProxy section */
		EC5ABC651B2CAD2900396505 /* PBXContainerItemProxy */ = {
			isa = PBXContainerItemProxy;
			containerPortal = EC5ABC431B2CAD2900396505 /* Project object */;
			proxyType = 1;
			remoteGlobalIDString = EC5ABC4A1B2CAD2900396505;
			remoteInfo = ThemeManager;
		};
/* End PBXContainerItemProxy section */

/* Begin PBXFileReference section */
		EC5ABC4B1B2CAD2900396505 /* ThemeManager.app */ = {isa = PBXFileReference; explicitFileType = wrapper.application; includeInIndex = 0; path = ThemeManager.app; sourceTree = BUILT_PRODUCTS_DIR; };
		EC5ABC4F1B2CAD2900396505 /* Info.plist */ = {isa = PBXFileReference; lastKnownFileType = text.plist.xml; path = Info.plist; sourceTree = "<group>"; };
		EC5ABC591B2CAD2900396505 /* Base */ = {isa = PBXFileReference; lastKnownFileType = file.storyboard; name = Base; path = Base.lproj/Main.storyboard; sourceTree = "<group>"; };
		EC5ABC5B1B2CAD2900396505 /* Images.xcassets */ = {isa = PBXFileReference; lastKnownFileType = folder.assetcatalog; path = Images.xcassets; sourceTree = "<group>"; };
		EC5ABC5E1B2CAD2900396505 /* Base */ = {isa = PBXFileReference; lastKnownFileType = file.xib; name = Base; path = Base.lproj/LaunchScreen.xib; sourceTree = "<group>"; };
		EC5ABC641B2CAD2900396505 /* ThemeManagerTests.xctest */ = {isa = PBXFileReference; explicitFileType = wrapper.cfbundle; includeInIndex = 0; path = ThemeManagerTests.xctest; sourceTree = BUILT_PRODUCTS_DIR; };
		EC5ABC691B2CAD2900396505 /* Info.plist */ = {isa = PBXFileReference; lastKnownFileType = text.plist.xml; path = Info.plist; sourceTree = "<group>"; };
		EC5ABC6A1B2CAD2900396505 /* ThemeManagerTests.m */ = {isa = PBXFileReference; lastKnownFileType = sourcecode.c.objc; path = ThemeManagerTests.m; sourceTree = "<group>"; };
		EC5ABC751B2CAD8D00396505 /* DeallocBlockExecutor.h */ = {isa = PBXFileReference; fileEncoding = 4; lastKnownFileType = sourcecode.c.h; path = DeallocBlockExecutor.h; sourceTree = "<group>"; };
		EC5ABC761B2CAD8D00396505 /* DeallocBlockExecutor.m */ = {isa = PBXFileReference; fileEncoding = 4; lastKnownFileType = sourcecode.c.objc; path = DeallocBlockExecutor.m; sourceTree = "<group>"; };
		EC5ABC771B2CAD8D00396505 /* NSObject+DeallocBlock.h */ = {isa = PBXFileReference; fileEncoding = 4; lastKnownFileType = sourcecode.c.h; path = "NSObject+DeallocBlock.h"; sourceTree = "<group>"; };
		EC5ABC781B2CAD8D00396505 /* NSObject+DeallocBlock.m */ = {isa = PBXFileReference; fileEncoding = 4; lastKnownFileType = sourcecode.c.objc; path = "NSObject+DeallocBlock.m"; sourceTree = "<group>"; };
		EC5ABC7A1B2CAD8D00396505 /* AppDelegate.h */ = {isa = PBXFileReference; fileEncoding = 4; lastKnownFileType = sourcecode.c.h; path = AppDelegate.h; sourceTree = "<group>"; };
		EC5ABC7B1B2CAD8D00396505 /* AppDelegate.m */ = {isa = PBXFileReference; fileEncoding = 4; lastKnownFileType = sourcecode.c.objc; path = AppDelegate.m; sourceTree = "<group>"; };
		EC5ABC7C1B2CAD8D00396505 /* main.m */ = {isa = PBXFileReference; fileEncoding = 4; lastKnownFileType = sourcecode.c.objc; path = main.m; sourceTree = "<group>"; };
		EC5ABC7D1B2CAD8D00396505 /* ViewController.h */ = {isa = PBXFileReference; fileEncoding = 4; lastKnownFileType = sourcecode.c.h; path = ViewController.h; sourceTree = "<group>"; };
		EC5ABC7E1B2CAD8D00396505 /* ViewController.m */ = {isa = PBXFileReference; fileEncoding = 4; lastKnownFileType = sourcecode.c.objc; path = ViewController.m; sourceTree = "<group>"; };
		EC5ABC801B2CAD8D00396505 /* SkinStyle.h */ = {isa = PBXFileReference; fileEncoding = 4; lastKnownFileType = sourcecode.c.h; path = SkinStyle.h; sourceTree = "<group>"; };
		EC5ABC811B2CAD8D00396505 /* SkinStyle.m */ = {isa = PBXFileReference; fileEncoding = 4; lastKnownFileType = sourcecode.c.objc; path = SkinStyle.m; sourceTree = "<group>"; };
		EC5ABC891B2CAD8D00396505 /* ThemeManager.h */ = {isa = PBXFileReference; fileEncoding = 4; lastKnownFileType = sourcecode.c.h; path = ThemeManager.h; sourceTree = "<group>"; };
		EC5ABC8A1B2CAD8D00396505 /* ThemeManager.m */ = {isa = PBXFileReference; fileEncoding = 4; lastKnownFileType = sourcecode.c.objc; path = ThemeManager.m; sourceTree = "<group>"; };
		EC5ABC8B1B2CAD8D00396505 /* UIView+Theme.h */ = {isa = PBXFileReference; fileEncoding = 4; lastKnownFileType = sourcecode.c.h; path = "UIView+Theme.h"; sourceTree = "<group>"; };
		EC5ABC8C1B2CAD8D00396505 /* UIView+Theme.m */ = {isa = PBXFileReference; fileEncoding = 4; lastKnownFileType = sourcecode.c.objc; path = "UIView+Theme.m"; sourceTree = "<group>"; };
		EC5ABC981B2CADB200396505 /* pch.h */ = {isa = PBXFileReference; lastKnownFileType = sourcecode.c.h; path = pch.h; sourceTree = "<group>"; };
		EC5ABD561B2CAE8300396505 /* res */ = {isa = PBXFileReference; lastKnownFileType = folder; path = res; sourceTree = "<group>"; };
		EC5ABD581B2CAEAD00396505 /* ThemeConstants.h */ = {isa = PBXFileReference; fileEncoding = 4; lastKnownFileType = sourcecode.c.h; path = ThemeConstants.h; sourceTree = "<group>"; };
		EC5ABD591B2CB1E800396505 /* Script */ = {isa = PBXFileReference; lastKnownFileType = folder; path = Script; sourceTree = "<group>"; };
/* End PBXFileReference section */

/* Begin PBXFrameworksBuildPhase section */
		EC5ABC481B2CAD2900396505 /* Frameworks */ = {
			isa = PBXFrameworksBuildPhase;
			buildActionMask = 2147483647;
			files = (
			);
			runOnlyForDeploymentPostprocessing = 0;
		};
		EC5ABC611B2CAD2900396505 /* Frameworks */ = {
			isa = PBXFrameworksBuildPhase;
			buildActionMask = 2147483647;
			files = (
			);
			runOnlyForDeploymentPostprocessing = 0;
		};
/* End PBXFrameworksBuildPhase section */

/* Begin PBXGroup section */
		EC5ABC421B2CAD2900396505 = {
			isa = PBXGroup;
			children = (
				EC5ABC4D1B2CAD2900396505 /* ThemeManager */,
				EC5ABC671B2CAD2900396505 /* ThemeManagerTests */,
				EC5ABC4C1B2CAD2900396505 /* Products */,
			);
			sourceTree = "<group>";
		};
		EC5ABC4C1B2CAD2900396505 /* Products */ = {
			isa = PBXGroup;
			children = (
				EC5ABC4B1B2CAD2900396505 /* ThemeManager.app */,
				EC5ABC641B2CAD2900396505 /* ThemeManagerTests.xctest */,
			);
			name = Products;
			sourceTree = "<group>";
		};
		EC5ABC4D1B2CAD2900396505 /* ThemeManager */ = {
			isa = PBXGroup;
			children = (
				EC5ABC741B2CAD8D00396505 /* DeallocBlockExecutor */,
				EC5ABC791B2CAD8D00396505 /* Demo */,
				EC5ABC7F1B2CAD8D00396505 /* ThemeManager */,
				EC5ABC581B2CAD2900396505 /* Main.storyboard */,
				EC5ABC5B1B2CAD2900396505 /* Images.xcassets */,
				EC5ABC5D1B2CAD2900396505 /* LaunchScreen.xib */,
				EC5ABC4E1B2CAD2900396505 /* Supporting Files */,
			);
			path = ThemeManager;
			sourceTree = "<group>";
		};
		EC5ABC4E1B2CAD2900396505 /* Supporting Files */ = {
			isa = PBXGroup;
			children = (
				EC5ABD591B2CB1E800396505 /* Script */,
				EC5ABC991B2CAE6700396505 /* Resources */,
				EC5ABC4F1B2CAD2900396505 /* Info.plist */,
			);
			name = "Supporting Files";
			sourceTree = "<group>";
		};
		EC5ABC671B2CAD2900396505 /* ThemeManagerTests */ = {
			isa = PBXGroup;
			children = (
				EC5ABC6A1B2CAD2900396505 /* ThemeManagerTests.m */,
				EC5ABC681B2CAD2900396505 /* Supporting Files */,
			);
			path = ThemeManagerTests;
			sourceTree = "<group>";
		};
		EC5ABC681B2CAD2900396505 /* Supporting Files */ = {
			isa = PBXGroup;
			children = (
				EC5ABC691B2CAD2900396505 /* Info.plist */,
			);
			name = "Supporting Files";
			sourceTree = "<group>";
		};
		EC5ABC741B2CAD8D00396505 /* DeallocBlockExecutor */ = {
			isa = PBXGroup;
			children = (
				EC5ABC751B2CAD8D00396505 /* DeallocBlockExecutor.h */,
				EC5ABC761B2CAD8D00396505 /* DeallocBlockExecutor.m */,
				EC5ABC771B2CAD8D00396505 /* NSObject+DeallocBlock.h */,
				EC5ABC781B2CAD8D00396505 /* NSObject+DeallocBlock.m */,
			);
			path = DeallocBlockExecutor;
			sourceTree = "<group>";
		};
		EC5ABC791B2CAD8D00396505 /* Demo */ = {
			isa = PBXGroup;
			children = (
				EC5ABC7A1B2CAD8D00396505 /* AppDelegate.h */,
				EC5ABC7B1B2CAD8D00396505 /* AppDelegate.m */,
				EC5ABC7C1B2CAD8D00396505 /* main.m */,
				EC5ABC7D1B2CAD8D00396505 /* ViewController.h */,
				EC5ABC7E1B2CAD8D00396505 /* ViewController.m */,
				EC5ABC981B2CADB200396505 /* pch.h */,
			);
			path = Demo;
			sourceTree = "<group>";
		};
		EC5ABC7F1B2CAD8D00396505 /* ThemeManager */ = {
			isa = PBXGroup;
			children = (
				EC5ABD581B2CAEAD00396505 /* ThemeConstants.h */,
				EC5ABC801B2CAD8D00396505 /* SkinStyle.h */,
				EC5ABC811B2CAD8D00396505 /* SkinStyle.m */,
				EC5ABC891B2CAD8D00396505 /* ThemeManager.h */,
				EC5ABC8A1B2CAD8D00396505 /* ThemeManager.m */,
				EC5ABC8B1B2CAD8D00396505 /* UIView+Theme.h */,
				EC5ABC8C1B2CAD8D00396505 /* UIView+Theme.m */,
			);
			path = ThemeManager;
			sourceTree = "<group>";
		};
		EC5ABC991B2CAE6700396505 /* Resources */ = {
			isa = PBXGroup;
			children = (
				EC5ABD561B2CAE8300396505 /* res */,
			);
			path = Resources;
			sourceTree = "<group>";
		};
/* End PBXGroup section */

/* Begin PBXNativeTarget section */
		EC5ABC4A1B2CAD2900396505 /* ThemeManager */ = {
			isa = PBXNativeTarget;
			buildConfigurationList = EC5ABC6E1B2CAD2900396505 /* Build configuration list for PBXNativeTarget "ThemeManager" */;
			buildPhases = (
				EC5ABC471B2CAD2900396505 /* Sources */,
				EC5ABC481B2CAD2900396505 /* Frameworks */,
				EC5ABC491B2CAD2900396505 /* Resources */,
			);
			buildRules = (
			);
			dependencies = (
			);
			name = ThemeManager;
			productName = ThemeManager;
			productReference = EC5ABC4B1B2CAD2900396505 /* ThemeManager.app */;
			productType = "com.apple.product-type.application";
		};
		EC5ABC631B2CAD2900396505 /* ThemeManagerTests */ = {
			isa = PBXNativeTarget;
			buildConfigurationList = EC5ABC711B2CAD2900396505 /* Build configuration list for PBXNativeTarget "ThemeManagerTests" */;
			buildPhases = (
				EC5ABC601B2CAD2900396505 /* Sources */,
				EC5ABC611B2CAD2900396505 /* Frameworks */,
				EC5ABC621B2CAD2900396505 /* Resources */,
			);
			buildRules = (
			);
			dependencies = (
				EC5ABC661B2CAD2900396505 /* PBXTargetDependency */,
			);
			name = ThemeManagerTests;
			productName = ThemeManagerTests;
			productReference = EC5ABC641B2CAD2900396505 /* ThemeManagerTests.xctest */;
			productType = "com.apple.product-type.bundle.unit-test";
		};
/* End PBXNativeTarget section */

/* Begin PBXProject section */
		EC5ABC431B2CAD2900396505 /* Project object */ = {
			isa = PBXProject;
			attributes = {
				LastUpgradeCheck = 0630;
				ORGANIZATIONNAME = Tencent;
				TargetAttributes = {
					EC5ABC4A1B2CAD2900396505 = {
						CreatedOnToolsVersion = 6.3.1;
					};
					EC5ABC631B2CAD2900396505 = {
						CreatedOnToolsVersion = 6.3.1;
						TestTargetID = EC5ABC4A1B2CAD2900396505;
					};
				};
			};
			buildConfigurationList = EC5ABC461B2CAD2900396505 /* Build configuration list for PBXProject "ThemeManager" */;
			compatibilityVersion = "Xcode 3.2";
			developmentRegion = English;
			hasScannedForEncodings = 0;
			knownRegions = (
				en,
				Base,
			);
			mainGroup = EC5ABC421B2CAD2900396505;
			productRefGroup = EC5ABC4C1B2CAD2900396505 /* Products */;
			projectDirPath = "";
			projectRoot = "";
			targets = (
				EC5ABC4A1B2CAD2900396505 /* ThemeManager */,
				EC5ABC631B2CAD2900396505 /* ThemeManagerTests */,
			);
		};
/* End PBXProject section */

/* Begin PBXResourcesBuildPhase section */
		EC5ABC491B2CAD2900396505 /* Resources */ = {
			isa = PBXResourcesBuildPhase;
			buildActionMask = 2147483647;
			files = (
				EC5ABD5A1B2CB1E800396505 /* Script in Resources */,
				EC5ABC5A1B2CAD2900396505 /* Main.storyboard in Resources */,
				EC5ABD571B2CAE8300396505 /* res in Resources */,
				EC5ABC5F1B2CAD2900396505 /* LaunchScreen.xib in Resources */,
				EC5ABC5C1B2CAD2900396505 /* Images.xcassets in Resources */,
			);
			runOnlyForDeploymentPostprocessing = 0;
		};
		EC5ABC621B2CAD2900396505 /* Resources */ = {
			isa = PBXResourcesBuildPhase;
			buildActionMask = 2147483647;
			files = (
			);
			runOnlyForDeploymentPostprocessing = 0;
		};
/* End PBXResourcesBuildPhase section */

/* Begin PBXSourcesBuildPhase section */
		EC5ABC471B2CAD2900396505 /* Sources */ = {
			isa = PBXSourcesBuildPhase;
			buildActionMask = 2147483647;
			files = (
				EC5ABC921B2CAD8D00396505 /* SkinStyle.m in Sources */,
				EC5ABC8E1B2CAD8D00396505 /* NSObject+DeallocBlock.m in Sources */,
				EC5ABC8D1B2CAD8D00396505 /* DeallocBlockExecutor.m in Sources */,
				EC5ABC901B2CAD8D00396505 /* main.m in Sources */,
				EC5ABC8F1B2CAD8D00396505 /* AppDelegate.m in Sources */,
				EC5ABC961B2CAD8D00396505 /* ThemeManager.m in Sources */,
				EC5ABC911B2CAD8D00396505 /* ViewController.m in Sources */,
				EC5ABC971B2CAD8D00396505 /* UIView+Theme.m in Sources */,
			);
			runOnlyForDeploymentPostprocessing = 0;
		};
		EC5ABC601B2CAD2900396505 /* Sources */ = {
			isa = PBXSourcesBuildPhase;
			buildActionMask = 2147483647;
			files = (
				EC5ABC6B1B2CAD2900396505 /* ThemeManagerTests.m in Sources */,
			);
			runOnlyForDeploymentPostprocessing = 0;
		};
/* End PBXSourcesBuildPhase section */

/* Begin PBXTargetDependency section */
		EC5ABC661B2CAD2900396505 /* PBXTargetDependency */ = {
			isa = PBXTargetDependency;
			target = EC5ABC4A1B2CAD2900396505 /* ThemeManager */;
			targetProxy = EC5ABC651B2CAD2900396505 /* PBXContainerItemProxy */;
		};
/* End PBXTargetDependency section */

/* Begin PBXVariantGroup section */
		EC5ABC581B2CAD2900396505 /* Main.storyboard */ = {
			isa = PBXVariantGroup;
			children = (
				EC5ABC591B2CAD2900396505 /* Base */,
			);
			name = Main.storyboard;
			sourceTree = "<group>";
		};
		EC5ABC5D1B2CAD2900396505 /* LaunchScreen.xib */ = {
			isa = PBXVariantGroup;
			children = (
				EC5ABC5E1B2CAD2900396505 /* Base */,
			);
			name = LaunchScreen.xib;
			sourceTree = "<group>";
		};
/* End PBXVariantGroup section */

/* Begin XCBuildConfiguration section */
		EC5ABC6C1B2CAD2900396505 /* Debug */ = {
			isa = XCBuildConfiguration;
			buildSettings = {
				ALWAYS_SEARCH_USER_PATHS = NO;
				CLANG_CXX_LANGUAGE_STANDARD = "gnu++0x";
				CLANG_CXX_LIBRARY = "libc++";
				CLANG_ENABLE_MODULES = YES;
				CLANG_ENABLE_OBJC_ARC = YES;
				CLANG_WARN_BOOL_CONVERSION = YES;
				CLANG_WARN_CONSTANT_CONVERSION = YES;
				CLANG_WARN_DIRECT_OBJC_ISA_USAGE = YES_ERROR;
				CLANG_WARN_EMPTY_BODY = YES;
				CLANG_WARN_ENUM_CONVERSION = YES;
				CLANG_WARN_INT_CONVERSION = YES;
				CLANG_WARN_OBJC_ROOT_CLASS = YES_ERROR;
				CLANG_WARN_UNREACHABLE_CODE = YES;
				CLANG_WARN__DUPLICATE_METHOD_MATCH = YES;
				"CODE_SIGN_IDENTITY[sdk=iphoneos*]" = "iPhone Developer";
				COPY_PHASE_STRIP = NO;
				DEBUG_INFORMATION_FORMAT = "dwarf-with-dsym";
				ENABLE_STRICT_OBJC_MSGSEND = YES;
				GCC_C_LANGUAGE_STANDARD = gnu99;
				GCC_DYNAMIC_NO_PIC = NO;
				GCC_NO_COMMON_BLOCKS = YES;
				GCC_OPTIMIZATION_LEVEL = 0;
				GCC_PREPROCESSOR_DEFINITIONS = (
					"DEBUG=1",
					"$(inherited)",
				);
				GCC_SYMBOLS_PRIVATE_EXTERN = NO;
				GCC_WARN_64_TO_32_BIT_CONVERSION = YES;
				GCC_WARN_ABOUT_RETURN_TYPE = YES_ERROR;
				GCC_WARN_UNDECLARED_SELECTOR = YES;
				GCC_WARN_UNINITIALIZED_AUTOS = YES_AGGRESSIVE;
				GCC_WARN_UNUSED_FUNCTION = YES;
				GCC_WARN_UNUSED_VARIABLE = YES;
				IPHONEOS_DEPLOYMENT_TARGET = 8.3;
				MTL_ENABLE_DEBUG_INFO = YES;
				ONLY_ACTIVE_ARCH = YES;
				SDKROOT = iphoneos;
				TARGETED_DEVICE_FAMILY = "1,2";
			};
			name = Debug;
		};
		EC5ABC6D1B2CAD2900396505 /* Release */ = {
			isa = XCBuildConfiguration;
			buildSettings = {
				ALWAYS_SEARCH_USER_PATHS = NO;
				CLANG_CXX_LANGUAGE_STANDARD = "gnu++0x";
				CLANG_CXX_LIBRARY = "libc++";
				CLANG_ENABLE_MODULES = YES;
				CLANG_ENABLE_OBJC_ARC = YES;
				CLANG_WARN_BOOL_CONVERSION = YES;
				CLANG_WARN_CONSTANT_CONVERSION = YES;
				CLANG_WARN_DIRECT_OBJC_ISA_USAGE = YES_ERROR;
				CLANG_WARN_EMPTY_BODY = YES;
				CLANG_WARN_ENUM_CONVERSION = YES;
				CLANG_WARN_INT_CONVERSION = YES;
				CLANG_WARN_OBJC_ROOT_CLASS = YES_ERROR;
				CLANG_WARN_UNREACHABLE_CODE = YES;
				CLANG_WARN__DUPLICATE_METHOD_MATCH = YES;
				"CODE_SIGN_IDENTITY[sdk=iphoneos*]" = "iPhone Developer";
				COPY_PHASE_STRIP = NO;
				DEBUG_INFORMATION_FORMAT = "dwarf-with-dsym";
				ENABLE_NS_ASSERTIONS = NO;
				ENABLE_STRICT_OBJC_MSGSEND = YES;
				GCC_C_LANGUAGE_STANDARD = gnu99;
				GCC_NO_COMMON_BLOCKS = YES;
				GCC_WARN_64_TO_32_BIT_CONVERSION = YES;
				GCC_WARN_ABOUT_RETURN_TYPE = YES_ERROR;
				GCC_WARN_UNDECLARED_SELECTOR = YES;
				GCC_WARN_UNINITIALIZED_AUTOS = YES_AGGRESSIVE;
				GCC_WARN_UNUSED_FUNCTION = YES;
				GCC_WARN_UNUSED_VARIABLE = YES;
				IPHONEOS_DEPLOYMENT_TARGET = 8.3;
				MTL_ENABLE_DEBUG_INFO = NO;
				SDKROOT = iphoneos;
				TARGETED_DEVICE_FAMILY = "1,2";
				VALIDATE_PRODUCT = YES;
			};
			name = Release;
		};
		EC5ABC6F1B2CAD2900396505 /* Debug */ = {
			isa = XCBuildConfiguration;
			buildSettings = {
				ASSETCATALOG_COMPILER_APPICON_NAME = AppIcon;
				GCC_PREFIX_HEADER = ThemeManager/Demo/pch.h;
				INFOPLIST_FILE = ThemeManager/Info.plist;
				LD_RUNPATH_SEARCH_PATHS = "$(inherited) @executable_path/Frameworks";
				PRODUCT_NAME = "$(TARGET_NAME)";
			};
			name = Debug;
		};
		EC5ABC701B2CAD2900396505 /* Release */ = {
			isa = XCBuildConfiguration;
			buildSettings = {
				ASSETCATALOG_COMPILER_APPICON_NAME = AppIcon;
				GCC_PREFIX_HEADER = ThemeManager/Demo/pch.h;
				INFOPLIST_FILE = ThemeManager/Info.plist;
				LD_RUNPATH_SEARCH_PATHS = "$(inherited) @executable_path/Frameworks";
				PRODUCT_NAME = "$(TARGET_NAME)";
			};
			name = Release;
		};
		EC5ABC721B2CAD2900396505 /* Debug */ = {
			isa = XCBuildConfiguration;
			buildSettings = {
				BUNDLE_LOADER = "$(TEST_HOST)";
				FRAMEWORK_SEARCH_PATHS = (
					"$(SDKROOT)/Developer/Library/Frameworks",
					"$(inherited)",
				);
				GCC_PREPROCESSOR_DEFINITIONS = (
					"DEBUG=1",
					"$(inherited)",
				);
				INFOPLIST_FILE = ThemeManagerTests/Info.plist;
				LD_RUNPATH_SEARCH_PATHS = "$(inherited) @executable_path/Frameworks @loader_path/Frameworks";
				PRODUCT_NAME = "$(TARGET_NAME)";
				TEST_HOST = "$(BUILT_PRODUCTS_DIR)/ThemeManager.app/ThemeManager";
			};
			name = Debug;
		};
		EC5ABC731B2CAD2900396505 /* Release */ = {
			isa = XCBuildConfiguration;
			buildSettings = {
				BUNDLE_LOADER = "$(TEST_HOST)";
				FRAMEWORK_SEARCH_PATHS = (
					"$(SDKROOT)/Developer/Library/Frameworks",
					"$(inherited)",
				);
				INFOPLIST_FILE = ThemeManagerTests/Info.plist;
				LD_RUNPATH_SEARCH_PATHS = "$(inherited) @executable_path/Frameworks @loader_path/Frameworks";
				PRODUCT_NAME = "$(TARGET_NAME)";
				TEST_HOST = "$(BUILT_PRODUCTS_DIR)/ThemeManager.app/ThemeManager";
			};
			name = Release;
		};
/* End XCBuildConfiguration section */

/* Begin XCConfigurationList section */
		EC5ABC461B2CAD2900396505 /* Build configuration list for PBXProject "ThemeManager" */ = {
			isa = XCConfigurationList;
			buildConfigurations = (
				EC5ABC6C1B2CAD2900396505 /* Debug */,
				EC5ABC6D1B2CAD2900396505 /* Release */,
			);
			defaultConfigurationIsVisible = 0;
			defaultConfigurationName = Release;
		};
		EC5ABC6E1B2CAD2900396505 /* Build configuration list for PBXNativeTarget "ThemeManager" */ = {
			isa = XCConfigurationList;
			buildConfigurations = (
				EC5ABC6F1B2CAD2900396505 /* Debug */,
				EC5ABC701B2CAD2900396505 /* Release */,
			);
			defaultConfigurationIsVisible = 0;
		};
		EC5ABC711B2CAD2900396505 /* Build configuration list for PBXNativeTarget "ThemeManagerTests" */ = {
			isa = XCConfigurationList;
			buildConfigurations = (
				EC5ABC721B2CAD2900396505 /* Debug */,
				EC5ABC731B2CAD2900396505 /* Release */,
			);
			defaultConfigurationIsVisible = 0;
		};
/* End XCConfigurationList section */
	};
	rootObject = EC5ABC431B2CAD2900396505 /* Project object */;
}
